
Microsoft Visual Studio Solution File, Format Version 12.00
# Visual Studio 15
VisualStudioVersion = 15.0.26228.4
MinimumVisualStudioVersion = 10.0.40219.1
Project("{2150E333-8FDC-42A3-9474-1A3956D46DE8}") = "Component", "Component", "{C9D6ED19-B43A-4B5C-ABE8-043ACB9CF4E5}"
EndProject
Project("{FAE04EC0-301F-11D3-BF4B-00C04F79EFBC}") = "CanadaSurvey.ClientSample", "CanadaSurvey.ClientSample\CanadaSurvey.ClientSample.csproj", "{CF39494F-A68C-439F-AD2D-629744140587}"
EndProject
Project("{FAE04EC0-301F-11D3-BF4B-00C04F79EFBC}") = "CanadaSurvey.CommunicationComponent", "CanadaSurvey.CommunicationComponent\CanadaSurvey.CommunicationComponent.csproj", "{C125F175-F1CD-4A41-AF90-A2788C3D212D}"
EndProject
Global
	GlobalSection(SolutionConfigurationPlatforms) = preSolution
		Debug|Any CPU = Debug|Any CPU
		Release|Any CPU = Release|Any CPU
	EndGlobalSection
	GlobalSection(ProjectConfigurationPlatforms) = postSolution
		{CF39494F-A68C-439F-AD2D-629744140587}.Debug|Any CPU.ActiveCfg = Debug|Any CPU
		{CF39494F-A68C-439F-AD2D-629744140587}.Debug|Any CPU.Build.0 = Debug|Any CPU
		{CF39494F-A68C-439F-AD2D-629744140587}.Release|Any CPU.ActiveCfg = Release|Any CPU
		{CF39494F-A68C-439F-AD2D-629744140587}.Release|Any CPU.Build.0 = Release|Any CPU
		{C125F175-F1CD-4A41-AF90-A2788C3D212D}.Debug|Any CPU.ActiveCfg = Debug|Any CPU
		{C125F175-F1CD-4A41-AF90-A2788C3D212D}.Debug|Any CPU.Build.0 = Debug|Any CPU
		{C125F175-F1CD-4A41-AF90-A2788C3D212D}.Release|Any CPU.ActiveCfg = Release|Any CPU
		{C125F175-F1CD-4A41-AF90-A2788C3D212D}.Release|Any CPU.Build.0 = Release|Any CPU
	EndGlobalSection
	GlobalSection(SolutionProperties) = preSolution
		HideSolutionNode = FALSE
	EndGlobalSection
	GlobalSection(NestedProjects) = preSolution
		{C125F175-F1CD-4A41-AF90-A2788C3D212D} = {C9D6ED19-B43A-4B5C-ABE8-043ACB9CF4E5}
	EndGlobalSection
	GlobalSection(ExtensibilityGlobals) = postSolution
		SolutionGuid = {A25DF1E0-E6CC-4409-8BCC-2522EC8691A6}
	EndGlobalSection
EndGlobal
